
Microsoft Visual Studio Solution File, Format Version 12.00
# Visual Studio Version 16
VisualStudioVersion = 16.0.29215.179
MinimumVisualStudioVersion = 10.0.40219.1
Project("{9A19103F-16F7-4668-BE54-9A1E7A4F7556}") = "AttendanceLite.Data", "AttendanceLite.Data\AttendanceLite.Data.csproj", "{CCB77666-1470-4941-8949-96FF7B6DFC70}"
EndProject
Project("{9A19103F-16F7-4668-BE54-9A1E7A4F7556}") = "AttendanceLite.Domain", "AttendanceLite.Domain\AttendanceLite.Domain.csproj", "{35F17455-64E4-4D97-A190-05160A2EC0FA}"
EndProject
Project("{9A19103F-16F7-4668-BE54-9A1E7A4F7556}") = "AttendanceLite.Service", "AttendanceLite.Service\AttendanceLite.Service.csproj", "{B7FFD347-4A39-4F32-A3B9-4C5A9EABBD0F}"
EndProject
Project("{FAE04EC0-301F-11D3-BF4B-00C04F79EFBC}") = "AttendanceLite.App", "AttendanceLite.App\AttendanceLite.App.csproj", "{8856C542-8709-4A6B-A071-39EC20FBC089}"
EndProject
Global
	GlobalSection(SolutionConfigurationPlatforms) = preSolution
		Debug|Any CPU = Debug|Any CPU
		Release|Any CPU = Release|Any CPU
	EndGlobalSection
	GlobalSection(ProjectConfigurationPlatforms) = postSolution
		{CCB77666-1470-4941-8949-96FF7B6DFC70}.Debug|Any CPU.ActiveCfg = Debug|Any CPU
		{CCB77666-1470-4941-8949-96FF7B6DFC70}.Debug|Any CPU.Build.0 = Debug|Any CPU
		{CCB77666-1470-4941-8949-96FF7B6DFC70}.Release|Any CPU.ActiveCfg = Release|Any CPU
		{CCB77666-1470-4941-8949-96FF7B6DFC70}.Release|Any CPU.Build.0 = Release|Any CPU
		{35F17455-64E4-4D97-A190-05160A2EC0FA}.Debug|Any CPU.ActiveCfg = Debug|Any CPU
		{35F17455-64E4-4D97-A190-05160A2EC0FA}.Debug|Any CPU.Build.0 = Debug|Any CPU
		{35F17455-64E4-4D97-A190-05160A2EC0FA}.Release|Any CPU.ActiveCfg = Release|Any CPU
		{35F17455-64E4-4D97-A190-05160A2EC0FA}.Release|Any CPU.Build.0 = Release|Any CPU
		{B7FFD347-4A39-4F32-A3B9-4C5A9EABBD0F}.Debug|Any CPU.ActiveCfg = Debug|Any CPU
		{B7FFD347-4A39-4F32-A3B9-4C5A9EABBD0F}.Debug|Any CPU.Build.0 = Debug|Any CPU
		{B7FFD347-4A39-4F32-A3B9-4C5A9EABBD0F}.Release|Any CPU.ActiveCfg = Release|Any CPU
		{B7FFD347-4A39-4F32-A3B9-4C5A9EABBD0F}.Release|Any CPU.Build.0 = Release|Any CPU
		{8856C542-8709-4A6B-A071-39EC20FBC089}.Debug|Any CPU.ActiveCfg = Debug|Any CPU
		{8856C542-8709-4A6B-A071-39EC20FBC089}.Debug|Any CPU.Build.0 = Debug|Any CPU
		{8856C542-8709-4A6B-A071-39EC20FBC089}.Release|Any CPU.ActiveCfg = Release|Any CPU
		{8856C542-8709-4A6B-A071-39EC20FBC089}.Release|Any CPU.Build.0 = Release|Any CPU
	EndGlobalSection
	GlobalSection(SolutionProperties) = preSolution
		HideSolutionNode = FALSE
	EndGlobalSection
	GlobalSection(ExtensibilityGlobals) = postSolution
		SolutionGuid = {4174F5AB-AE8C-47B3-B3CB-0B84D29F2861}
	EndGlobalSection
EndGlobal
