
Microsoft Visual Studio Solution File, Format Version 12.00
# Visual Studio Version 16
VisualStudioVersion = 16.0.29215.179
MinimumVisualStudioVersion = 10.0.40219.1
Project("{9A19103F-16F7-4668-BE54-9A1E7A4F7556}") = "AttendanceLite.UI", "AttendanceLite.UI\AttendanceLite.UI.csproj", "{4B1A8767-0DC5-4885-B2C8-267AB1F51992}"
EndProject
Project("{FAE04EC0-301F-11D3-BF4B-00C04F79EFBC}") = "AttendanceLite.Domain", "AttendanceLite.Domain\AttendanceLite.Domain.csproj", "{E67B1361-E0FD-422A-B781-9E139A8F489C}"
EndProject
Project("{FAE04EC0-301F-11D3-BF4B-00C04F79EFBC}") = "AttendanceLite.WebForms", "AttendanceLite.WebForms\AttendanceLite.WebForms.csproj", "{3916A7EE-9B2B-4AF5-BC20-1B21A1411026}"
EndProject
Global
	GlobalSection(SolutionConfigurationPlatforms) = preSolution
		Debug|Any CPU = Debug|Any CPU
		Release|Any CPU = Release|Any CPU
	EndGlobalSection
	GlobalSection(ProjectConfigurationPlatforms) = postSolution
		{4B1A8767-0DC5-4885-B2C8-267AB1F51992}.Debug|Any CPU.ActiveCfg = Debug|Any CPU
		{4B1A8767-0DC5-4885-B2C8-267AB1F51992}.Debug|Any CPU.Build.0 = Debug|Any CPU
		{4B1A8767-0DC5-4885-B2C8-267AB1F51992}.Release|Any CPU.ActiveCfg = Release|Any CPU
		{4B1A8767-0DC5-4885-B2C8-267AB1F51992}.Release|Any CPU.Build.0 = Release|Any CPU
		{E67B1361-E0FD-422A-B781-9E139A8F489C}.Debug|Any CPU.ActiveCfg = Debug|Any CPU
		{E67B1361-E0FD-422A-B781-9E139A8F489C}.Debug|Any CPU.Build.0 = Debug|Any CPU
		{E67B1361-E0FD-422A-B781-9E139A8F489C}.Release|Any CPU.ActiveCfg = Release|Any CPU
		{E67B1361-E0FD-422A-B781-9E139A8F489C}.Release|Any CPU.Build.0 = Release|Any CPU
		{3916A7EE-9B2B-4AF5-BC20-1B21A1411026}.Debug|Any CPU.ActiveCfg = Debug|Any CPU
		{3916A7EE-9B2B-4AF5-BC20-1B21A1411026}.Debug|Any CPU.Build.0 = Debug|Any CPU
		{3916A7EE-9B2B-4AF5-BC20-1B21A1411026}.Release|Any CPU.ActiveCfg = Release|Any CPU
		{3916A7EE-9B2B-4AF5-BC20-1B21A1411026}.Release|Any CPU.Build.0 = Release|Any CPU
	EndGlobalSection
	GlobalSection(SolutionProperties) = preSolution
		HideSolutionNode = FALSE
	EndGlobalSection
	GlobalSection(ExtensibilityGlobals) = postSolution
		SolutionGuid = {4174F5AB-AE8C-47B3-B3CB-0B84D29F2861}
	EndGlobalSection
EndGlobal
